
Microsoft Visual Studio Solution File, Format Version 12.00
# Visual Studio Express 2012 for Windows Desktop
Project("{8BC9CEB8-8B4A-11D0-8D11-00A0C91BC942}") = "ch03_note06", "ch03_note06\ch03_note06.vcxproj", "{30AF3E8D-F511-44F3-81BA-7034C2718B34}"
EndProject
Project("{8BC9CEB8-8B4A-11D0-8D11-00A0C91BC942}") = "ch03_note08", "ch03_note08\ch03_note08.vcxproj", "{B7F9E863-343B-4296-BFCA-FF44D0D26524}"
EndProject
Project("{8BC9CEB8-8B4A-11D0-8D11-00A0C91BC942}") = "ch03_note08(2)", "ch03_note08(2)\ch03_note08(2).vcxproj", "{21337AA0-186F-4B77-BD5A-169749A7CFBC}"
EndProject
Project("{8BC9CEB8-8B4A-11D0-8D11-00A0C91BC942}") = "ch03_note10", "ch03_note10\ch03_note10.vcxproj", "{FDD8A73D-2940-4AA6-8B70-306C208F7F3C}"
EndProject
Project("{8BC9CEB8-8B4A-11D0-8D11-00A0C91BC942}") = "ch03_note10(2)", "ch03_note10(2)\ch03_note10(2).vcxproj", "{3F2BAC1F-16A1-4D95-BF74-2C94F664F3F1}"
EndProject
Project("{8BC9CEB8-8B4A-11D0-8D11-00A0C91BC942}") = "ch03_note14", "ConsoleApplication1\ConsoleApplication1.vcxproj", "{4AC6A02D-ECA7-45BD-A9D0-08D21F21E930}"
EndProject
Project("{8BC9CEB8-8B4A-11D0-8D11-00A0C91BC942}") = "ch03_note14(2)", "ch03_note14(2)\ch03_note14(2).vcxproj", "{8C293C59-45C1-4B65-B9CA-86AD7F78443D}"
EndProject
Project("{8BC9CEB8-8B4A-11D0-8D11-00A0C91BC942}") = "ex03_02", "ex03_02\ex03_02.vcxproj", "{B028955F-226F-46AB-B872-BCBD1855B936}"
EndProject
Project("{8BC9CEB8-8B4A-11D0-8D11-00A0C91BC942}") = "ex03_03", "ex03_03\ex03_03.vcxproj", "{D9C04808-8B74-4DD0-94FA-D2980935BE39}"
EndProject
Project("{8BC9CEB8-8B4A-11D0-8D11-00A0C91BC942}") = "ex03_01", "ConsoleApplication2\ConsoleApplication2.vcxproj", "{9D793B3C-C5FA-4EFC-BBA0-0BEA2E7E9203}"
EndProject
Project("{8BC9CEB8-8B4A-11D0-8D11-00A0C91BC942}") = "ex03_04", "ex03_04\ex03_04.vcxproj", "{4F4CC925-246B-4556-9402-9A4975A649FE}"
EndProject
Project("{8BC9CEB8-8B4A-11D0-8D11-00A0C91BC942}") = "ex03_05", "ex03_05\ex03_05.vcxproj", "{F3B6E8EB-1EA6-4DB7-8A16-E5010B56E0D6}"
EndProject
Project("{8BC9CEB8-8B4A-11D0-8D11-00A0C91BC942}") = "ch04_note11", "ch04_note11\ch04_note11.vcxproj", "{665D36CD-736A-496B-962B-48DF970515A5}"
EndProject
Project("{8BC9CEB8-8B4A-11D0-8D11-00A0C91BC942}") = "ch04_note13", "ch04_note13\ch04_note13.vcxproj", "{416FE446-0A99-4480-A57D-50594A503E6D}"
EndProject
Project("{8BC9CEB8-8B4A-11D0-8D11-00A0C91BC942}") = "ch04_note20", "ch04_note20\ch04_note20.vcxproj", "{B61E3383-BCD3-4A8E-A537-1C8FBBB27751}"
EndProject
Project("{8BC9CEB8-8B4A-11D0-8D11-00A0C91BC942}") = "ex04_01", "ex04_01\ex04_01.vcxproj", "{AEF56072-8602-4DCE-99D1-CEA61E785912}"
EndProject
Project("{8BC9CEB8-8B4A-11D0-8D11-00A0C91BC942}") = "ex04_02", "ex04_02\ex04_02.vcxproj", "{46781A72-E010-4F0B-975D-470ED9F0E441}"
EndProject
Project("{8BC9CEB8-8B4A-11D0-8D11-00A0C91BC942}") = "ex03_quiz", "ex03_quiz\ex03_quiz.vcxproj", "{9EE23CDC-0AFE-492A-A882-5175620B87CE}"
EndProject
Project("{8BC9CEB8-8B4A-11D0-8D11-00A0C91BC942}") = "ch00_01", "ch00_01\ch00_01.vcxproj", "{B82B532F-FEF1-41DD-8F74-136A0AAA4B75}"
EndProject
Project("{8BC9CEB8-8B4A-11D0-8D11-00A0C91BC942}") = "ch00_02", "ch00_02\ch00_02.vcxproj", "{EA2ACACA-C25F-4B8E-B552-F233708F83AC}"
EndProject
Project("{8BC9CEB8-8B4A-11D0-8D11-00A0C91BC942}") = "ex02_01", "ex02_01\ex02_01.vcxproj", "{C3C55593-00EA-4921-892F-B49C02E7A418}"
EndProject
Project("{8BC9CEB8-8B4A-11D0-8D11-00A0C91BC942}") = "ex02_02", "ex02_02\ex02_02.vcxproj", "{E65C63C4-92F6-4DA9-B6F1-4AB7451A7560}"
EndProject
Project("{8BC9CEB8-8B4A-11D0-8D11-00A0C91BC942}") = "ex02_03", "ex02_03\ex02_03.vcxproj", "{3F4A120D-3921-4ED9-8AC0-0D6F6173CBA0}"
EndProject
Project("{8BC9CEB8-8B4A-11D0-8D11-00A0C91BC942}") = "ex02_04", "ex02_04\ex02_04.vcxproj", "{54C0108A-0A1C-4832-B71B-1612FBD4BEFC}"
EndProject
Project("{8BC9CEB8-8B4A-11D0-8D11-00A0C91BC942}") = "ch05_note05", "ch05_note05\ch05_note05.vcxproj", "{56829C2A-C3A9-45BB-B8C0-099546D967D6}"
EndProject
Project("{8BC9CEB8-8B4A-11D0-8D11-00A0C91BC942}") = "ch05_note12_1", "ch05_note12_1\ch05_note12_1.vcxproj", "{55184BE2-D57D-4FC5-8EBB-2FBF057EAC98}"
EndProject
Project("{8BC9CEB8-8B4A-11D0-8D11-00A0C91BC942}") = "ch05_note12_2", "ch05_note12_2\ch05_note12_2.vcxproj", "{BB5E494E-0AD6-4B01-8BB9-26D8EFB3131B}"
EndProject
Project("{8BC9CEB8-8B4A-11D0-8D11-00A0C91BC942}") = "ch05_note13", "ch05_note13\ch05_note13.vcxproj", "{3996754F-8A88-4637-9828-11B88E3CB71F}"
EndProject
Project("{8BC9CEB8-8B4A-11D0-8D11-00A0C91BC942}") = "ex05_01", "ex05_01\ex05_01.vcxproj", "{4E851DE1-55B0-4207-9FFA-C8E079A98A80}"
EndProject
Project("{8BC9CEB8-8B4A-11D0-8D11-00A0C91BC942}") = "ch06_note03", "ch06_note03\ch06_note03.vcxproj", "{EA881D42-0201-4274-9DE8-9962C299C48E}"
EndProject
Project("{8BC9CEB8-8B4A-11D0-8D11-00A0C91BC942}") = "ch06_note05", "ch06_note05\ch06_note05.vcxproj", "{8B73F6AA-84F0-478F-98EA-BEBA29F3A8B6}"
EndProject
Project("{8BC9CEB8-8B4A-11D0-8D11-00A0C91BC942}") = "ch06_note06", "ch06_note06\ch06_note06.vcxproj", "{7C712AD5-B65B-41CB-A2B5-14A5ACC409BE}"
EndProject
Project("{8BC9CEB8-8B4A-11D0-8D11-00A0C91BC942}") = "ch06_note10", "ch06_note10\ch06_note10.vcxproj", "{871FDE33-CAF9-46D1-9290-D528CD2BBB57}"
EndProject
Project("{8BC9CEB8-8B4A-11D0-8D11-00A0C91BC942}") = "ch06_note13", "ch06_note13\ch06_note13.vcxproj", "{93F04EFD-A651-4B40-B648-4D6F0B562B61}"
EndProject
Project("{8BC9CEB8-8B4A-11D0-8D11-00A0C91BC942}") = "ex05_02", "ex05_02\ex05_02.vcxproj", "{425F0352-BB40-4A4D-817C-5BBC675322FA}"
EndProject
Project("{8BC9CEB8-8B4A-11D0-8D11-00A0C91BC942}") = "ch06_note14", "ch06_note14\ch06_note14.vcxproj", "{1471C91B-9FDA-4270-9E04-8B03BE7C302A}"
EndProject
Project("{8BC9CEB8-8B4A-11D0-8D11-00A0C91BC942}") = "ch06_note15", "ch06_note15\ch06_note15.vcxproj", "{20F4B642-5DA4-4DBE-90CD-798050C240DC}"
EndProject
Project("{8BC9CEB8-8B4A-11D0-8D11-00A0C91BC942}") = "ch06_note20", "ch06_note20\ch06_note20.vcxproj", "{8FD7F263-7AFE-451D-930C-9BC92DE1A8AB}"
EndProject
Project("{8BC9CEB8-8B4A-11D0-8D11-00A0C91BC942}") = "ex06_01", "ex06_01\ex06_01.vcxproj", "{485981D0-6047-426F-BC7C-3646C341B65A}"
EndProject
Project("{8BC9CEB8-8B4A-11D0-8D11-00A0C91BC942}") = "ex06_02", "ex06_02\ex06_02.vcxproj", "{B0B7E378-1F66-4DCF-83A4-6287E798CE42}"
EndProject
Project("{8BC9CEB8-8B4A-11D0-8D11-00A0C91BC942}") = "ch06_note061", "ch06_note061\ch06_note061.vcxproj", "{D2D3CACC-A946-4CCA-AC0D-576F2EBF6F1C}"
EndProject
Project("{8BC9CEB8-8B4A-11D0-8D11-00A0C91BC942}") = "ch06_quiz1", "ch06_quiz1\ch06_quiz1.vcxproj", "{6A399BE3-1B3C-415D-9FE3-EB065561499B}"
EndProject
Project("{8BC9CEB8-8B4A-11D0-8D11-00A0C91BC942}") = "ch08_01", "ch08_01\ch08_01.vcxproj", "{1D17E72D-F6A4-4CD0-9700-2C4C5F1947B8}"
EndProject
Project("{8BC9CEB8-8B4A-11D0-8D11-00A0C91BC942}") = "ch08_02", "ch08_02\ch08_02.vcxproj", "{1DBDCBA7-266D-4C7E-92DE-6C585DD72672}"
EndProject
Project("{8BC9CEB8-8B4A-11D0-8D11-00A0C91BC942}") = "ch08_03", "ch08_03\ch08_03.vcxproj", "{A2FA4351-5B10-4002-AFB0-B7DF4041572D}"
EndProject
Project("{8BC9CEB8-8B4A-11D0-8D11-00A0C91BC942}") = "ch08_05", "ch08_05\ch08_05.vcxproj", "{4740275A-79B2-458B-BECC-4E747E6E2DB0}"
EndProject
Project("{8BC9CEB8-8B4A-11D0-8D11-00A0C91BC942}") = "ch08_09", "ch08_09\ch08_09.vcxproj", "{E85E081D-23A2-4923-BAF1-D24F40542324}"
EndProject
Project("{8BC9CEB8-8B4A-11D0-8D11-00A0C91BC942}") = "ex06_quiz2", "ex06_quiz2\ex06_quiz2.vcxproj", "{1DA96A97-44F4-476F-AE05-2011BC11D94B}"
EndProject
Project("{8BC9CEB8-8B4A-11D0-8D11-00A0C91BC942}") = "ex06_quiz3", "ex06_quiz3\ex06_quiz3.vcxproj", "{76F18BCD-41AD-4C1D-AF90-072BC642C6C7}"
EndProject
Project("{8BC9CEB8-8B4A-11D0-8D11-00A0C91BC942}") = "ex08_01", "ex08_01\ex08_01.vcxproj", "{6C57B964-03DF-4F10-A775-5FA358D80384}"
EndProject
Project("{8BC9CEB8-8B4A-11D0-8D11-00A0C91BC942}") = "ex06_03", "ex06_03\ex06_03.vcxproj", "{29D75ABB-B68E-4F05-96F0-E9CEEFE366D7}"
EndProject
Project("{8BC9CEB8-8B4A-11D0-8D11-00A0C91BC942}") = "ch06_student", "ch06_student\ch06_student.vcxproj", "{9A5A25D9-DCDC-4D0E-A51C-138E2A638D73}"
EndProject
Project("{8BC9CEB8-8B4A-11D0-8D11-00A0C91BC942}") = "ch06_3dimension", "ch06_3dimension\ch06_3dimension.vcxproj", "{049896B8-5CDA-4661-AF4D-480914830165}"
EndProject
Project("{8BC9CEB8-8B4A-11D0-8D11-00A0C91BC942}") = "ch10_note10", "ch10_note10\ch10_note10.vcxproj", "{C544BA37-4B3C-4C86-82B4-56656D26AEB8}"
EndProject
Project("{8BC9CEB8-8B4A-11D0-8D11-00A0C91BC942}") = "ch10_note13", "ch10_note13\ch10_note13.vcxproj", "{E37DD5A5-C3C6-452D-B813-446B4171FAC5}"
EndProject
Project("{8BC9CEB8-8B4A-11D0-8D11-00A0C91BC942}") = "ch10_note20", "ch10_note20\ch10_note20.vcxproj", "{7EFB7DE0-7B4E-49AA-BAC4-6E200714F615}"
EndProject
Project("{8BC9CEB8-8B4A-11D0-8D11-00A0C91BC942}") = "ch10_note28", "ch10_note28\ch10_note28.vcxproj", "{4CE7F3D4-9257-4103-A758-3D0FA174BF74}"
EndProject
Project("{8BC9CEB8-8B4A-11D0-8D11-00A0C91BC942}") = "ex10_01", "ex10_01\ex10_01.vcxproj", "{C7D71773-42B3-431C-AF27-371A63686E1A}"
EndProject
Project("{8BC9CEB8-8B4A-11D0-8D11-00A0C91BC942}") = "ex06_03(2)", "ex06_03(2)\ex06_03(2).vcxproj", "{0B90528C-64A7-46BD-A9A1-A63D2E4C3AF6}"
EndProject
Project("{8BC9CEB8-8B4A-11D0-8D11-00A0C91BC942}") = "ch11_note03", "ch11_note03\ch11_note03.vcxproj", "{88D531DF-6A31-49CB-A590-6BE7587332D5}"
EndProject
Project("{8BC9CEB8-8B4A-11D0-8D11-00A0C91BC942}") = "ch11_note08", "ch11_note08\ch11_note08.vcxproj", "{D2673F97-C1E9-4D04-B958-7058A8DEDC9A}"
EndProject
Project("{8BC9CEB8-8B4A-11D0-8D11-00A0C91BC942}") = "ex11_02", "ex11_02\ex11_02.vcxproj", "{42C24562-F9EE-4E38-A2F0-66831FE6A0AE}"
EndProject
Global
	GlobalSection(SolutionConfigurationPlatforms) = preSolution
		Debug|Win32 = Debug|Win32
		Release|Win32 = Release|Win32
	EndGlobalSection
	GlobalSection(ProjectConfigurationPlatforms) = postSolution
		{30AF3E8D-F511-44F3-81BA-7034C2718B34}.Debug|Win32.ActiveCfg = Debug|Win32
		{30AF3E8D-F511-44F3-81BA-7034C2718B34}.Debug|Win32.Build.0 = Debug|Win32
		{30AF3E8D-F511-44F3-81BA-7034C2718B34}.Release|Win32.ActiveCfg = Release|Win32
		{30AF3E8D-F511-44F3-81BA-7034C2718B34}.Release|Win32.Build.0 = Release|Win32
		{B7F9E863-343B-4296-BFCA-FF44D0D26524}.Debug|Win32.ActiveCfg = Debug|Win32
		{B7F9E863-343B-4296-BFCA-FF44D0D26524}.Debug|Win32.Build.0 = Debug|Win32
		{B7F9E863-343B-4296-BFCA-FF44D0D26524}.Release|Win32.ActiveCfg = Release|Win32
		{B7F9E863-343B-4296-BFCA-FF44D0D26524}.Release|Win32.Build.0 = Release|Win32
		{21337AA0-186F-4B77-BD5A-169749A7CFBC}.Debug|Win32.ActiveCfg = Debug|Win32
		{21337AA0-186F-4B77-BD5A-169749A7CFBC}.Debug|Win32.Build.0 = Debug|Win32
		{21337AA0-186F-4B77-BD5A-169749A7CFBC}.Release|Win32.ActiveCfg = Release|Win32
		{21337AA0-186F-4B77-BD5A-169749A7CFBC}.Release|Win32.Build.0 = Release|Win32
		{FDD8A73D-2940-4AA6-8B70-306C208F7F3C}.Debug|Win32.ActiveCfg = Debug|Win32
		{FDD8A73D-2940-4AA6-8B70-306C208F7F3C}.Debug|Win32.Build.0 = Debug|Win32
		{FDD8A73D-2940-4AA6-8B70-306C208F7F3C}.Release|Win32.ActiveCfg = Release|Win32
		{FDD8A73D-2940-4AA6-8B70-306C208F7F3C}.Release|Win32.Build.0 = Release|Win32
		{3F2BAC1F-16A1-4D95-BF74-2C94F664F3F1}.Debug|Win32.ActiveCfg = Debug|Win32
		{3F2BAC1F-16A1-4D95-BF74-2C94F664F3F1}.Debug|Win32.Build.0 = Debug|Win32
		{3F2BAC1F-16A1-4D95-BF74-2C94F664F3F1}.Release|Win32.ActiveCfg = Release|Win32
		{3F2BAC1F-16A1-4D95-BF74-2C94F664F3F1}.Release|Win32.Build.0 = Release|Win32
		{4AC6A02D-ECA7-45BD-A9D0-08D21F21E930}.Debug|Win32.ActiveCfg = Debug|Win32
		{4AC6A02D-ECA7-45BD-A9D0-08D21F21E930}.Debug|Win32.Build.0 = Debug|Win32
		{4AC6A02D-ECA7-45BD-A9D0-08D21F21E930}.Release|Win32.ActiveCfg = Release|Win32
		{4AC6A02D-ECA7-45BD-A9D0-08D21F21E930}.Release|Win32.Build.0 = Release|Win32
		{8C293C59-45C1-4B65-B9CA-86AD7F78443D}.Debug|Win32.ActiveCfg = Debug|Win32
		{8C293C59-45C1-4B65-B9CA-86AD7F78443D}.Debug|Win32.Build.0 = Debug|Win32
		{8C293C59-45C1-4B65-B9CA-86AD7F78443D}.Release|Win32.ActiveCfg = Release|Win32
		{8C293C59-45C1-4B65-B9CA-86AD7F78443D}.Release|Win32.Build.0 = Release|Win32
		{B028955F-226F-46AB-B872-BCBD1855B936}.Debug|Win32.ActiveCfg = Debug|Win32
		{B028955F-226F-46AB-B872-BCBD1855B936}.Debug|Win32.Build.0 = Debug|Win32
		{B028955F-226F-46AB-B872-BCBD1855B936}.Release|Win32.ActiveCfg = Release|Win32
		{B028955F-226F-46AB-B872-BCBD1855B936}.Release|Win32.Build.0 = Release|Win32
		{D9C04808-8B74-4DD0-94FA-D2980935BE39}.Debug|Win32.ActiveCfg = Debug|Win32
		{D9C04808-8B74-4DD0-94FA-D2980935BE39}.Debug|Win32.Build.0 = Debug|Win32
		{D9C04808-8B74-4DD0-94FA-D2980935BE39}.Release|Win32.ActiveCfg = Release|Win32
		{D9C04808-8B74-4DD0-94FA-D2980935BE39}.Release|Win32.Build.0 = Release|Win32
		{9D793B3C-C5FA-4EFC-BBA0-0BEA2E7E9203}.Debug|Win32.ActiveCfg = Debug|Win32
		{9D793B3C-C5FA-4EFC-BBA0-0BEA2E7E9203}.Debug|Win32.Build.0 = Debug|Win32
		{9D793B3C-C5FA-4EFC-BBA0-0BEA2E7E9203}.Release|Win32.ActiveCfg = Release|Win32
		{9D793B3C-C5FA-4EFC-BBA0-0BEA2E7E9203}.Release|Win32.Build.0 = Release|Win32
		{4F4CC925-246B-4556-9402-9A4975A649FE}.Debug|Win32.ActiveCfg = Debug|Win32
		{4F4CC925-246B-4556-9402-9A4975A649FE}.Debug|Win32.Build.0 = Debug|Win32
		{4F4CC925-246B-4556-9402-9A4975A649FE}.Release|Win32.ActiveCfg = Release|Win32
		{4F4CC925-246B-4556-9402-9A4975A649FE}.Release|Win32.Build.0 = Release|Win32
		{F3B6E8EB-1EA6-4DB7-8A16-E5010B56E0D6}.Debug|Win32.ActiveCfg = Debug|Win32
		{F3B6E8EB-1EA6-4DB7-8A16-E5010B56E0D6}.Debug|Win32.Build.0 = Debug|Win32
		{F3B6E8EB-1EA6-4DB7-8A16-E5010B56E0D6}.Release|Win32.ActiveCfg = Release|Win32
		{F3B6E8EB-1EA6-4DB7-8A16-E5010B56E0D6}.Release|Win32.Build.0 = Release|Win32
		{665D36CD-736A-496B-962B-48DF970515A5}.Debug|Win32.ActiveCfg = Debug|Win32
		{665D36CD-736A-496B-962B-48DF970515A5}.Debug|Win32.Build.0 = Debug|Win32
		{665D36CD-736A-496B-962B-48DF970515A5}.Release|Win32.ActiveCfg = Release|Win32
		{665D36CD-736A-496B-962B-48DF970515A5}.Release|Win32.Build.0 = Release|Win32
		{416FE446-0A99-4480-A57D-50594A503E6D}.Debug|Win32.ActiveCfg = Debug|Win32
		{416FE446-0A99-4480-A57D-50594A503E6D}.Debug|Win32.Build.0 = Debug|Win32
		{416FE446-0A99-4480-A57D-50594A503E6D}.Release|Win32.ActiveCfg = Release|Win32
		{416FE446-0A99-4480-A57D-50594A503E6D}.Release|Win32.Build.0 = Release|Win32
		{B61E3383-BCD3-4A8E-A537-1C8FBBB27751}.Debug|Win32.ActiveCfg = Debug|Win32
		{B61E3383-BCD3-4A8E-A537-1C8FBBB27751}.Debug|Win32.Build.0 = Debug|Win32
		{B61E3383-BCD3-4A8E-A537-1C8FBBB27751}.Release|Win32.ActiveCfg = Release|Win32
		{B61E3383-BCD3-4A8E-A537-1C8FBBB27751}.Release|Win32.Build.0 = Release|Win32
		{AEF56072-8602-4DCE-99D1-CEA61E785912}.Debug|Win32.ActiveCfg = Debug|Win32
		{AEF56072-8602-4DCE-99D1-CEA61E785912}.Debug|Win32.Build.0 = Debug|Win32
		{AEF56072-8602-4DCE-99D1-CEA61E785912}.Release|Win32.ActiveCfg = Release|Win32
		{AEF56072-8602-4DCE-99D1-CEA61E785912}.Release|Win32.Build.0 = Release|Win32
		{46781A72-E010-4F0B-975D-470ED9F0E441}.Debug|Win32.ActiveCfg = Debug|Win32
		{46781A72-E010-4F0B-975D-470ED9F0E441}.Debug|Win32.Build.0 = Debug|Win32
		{46781A72-E010-4F0B-975D-470ED9F0E441}.Release|Win32.ActiveCfg = Release|Win32
		{46781A72-E010-4F0B-975D-470ED9F0E441}.Release|Win32.Build.0 = Release|Win32
		{9EE23CDC-0AFE-492A-A882-5175620B87CE}.Debug|Win32.ActiveCfg = Debug|Win32
		{9EE23CDC-0AFE-492A-A882-5175620B87CE}.Debug|Win32.Build.0 = Debug|Win32
		{9EE23CDC-0AFE-492A-A882-5175620B87CE}.Release|Win32.ActiveCfg = Release|Win32
		{9EE23CDC-0AFE-492A-A882-5175620B87CE}.Release|Win32.Build.0 = Release|Win32
		{B82B532F-FEF1-41DD-8F74-136A0AAA4B75}.Debug|Win32.ActiveCfg = Debug|Win32
		{B82B532F-FEF1-41DD-8F74-136A0AAA4B75}.Debug|Win32.Build.0 = Debug|Win32
		{B82B532F-FEF1-41DD-8F74-136A0AAA4B75}.Release|Win32.ActiveCfg = Release|Win32
		{B82B532F-FEF1-41DD-8F74-136A0AAA4B75}.Release|Win32.Build.0 = Release|Win32
		{EA2ACACA-C25F-4B8E-B552-F233708F83AC}.Debug|Win32.ActiveCfg = Debug|Win32
		{EA2ACACA-C25F-4B8E-B552-F233708F83AC}.Debug|Win32.Build.0 = Debug|Win32
		{EA2ACACA-C25F-4B8E-B552-F233708F83AC}.Release|Win32.ActiveCfg = Release|Win32
		{EA2ACACA-C25F-4B8E-B552-F233708F83AC}.Release|Win32.Build.0 = Release|Win32
		{C3C55593-00EA-4921-892F-B49C02E7A418}.Debug|Win32.ActiveCfg = Debug|Win32
		{C3C55593-00EA-4921-892F-B49C02E7A418}.Debug|Win32.Build.0 = Debug|Win32
		{C3C55593-00EA-4921-892F-B49C02E7A418}.Release|Win32.ActiveCfg = Release|Win32
		{C3C55593-00EA-4921-892F-B49C02E7A418}.Release|Win32.Build.0 = Release|Win32
		{E65C63C4-92F6-4DA9-B6F1-4AB7451A7560}.Debug|Win32.ActiveCfg = Debug|Win32
		{E65C63C4-92F6-4DA9-B6F1-4AB7451A7560}.Debug|Win32.Build.0 = Debug|Win32
		{E65C63C4-92F6-4DA9-B6F1-4AB7451A7560}.Release|Win32.ActiveCfg = Release|Win32
		{E65C63C4-92F6-4DA9-B6F1-4AB7451A7560}.Release|Win32.Build.0 = Release|Win32
		{3F4A120D-3921-4ED9-8AC0-0D6F6173CBA0}.Debug|Win32.ActiveCfg = Debug|Win32
		{3F4A120D-3921-4ED9-8AC0-0D6F6173CBA0}.Debug|Win32.Build.0 = Debug|Win32
		{3F4A120D-3921-4ED9-8AC0-0D6F6173CBA0}.Release|Win32.ActiveCfg = Release|Win32
		{3F4A120D-3921-4ED9-8AC0-0D6F6173CBA0}.Release|Win32.Build.0 = Release|Win32
		{54C0108A-0A1C-4832-B71B-1612FBD4BEFC}.Debug|Win32.ActiveCfg = Debug|Win32
		{54C0108A-0A1C-4832-B71B-1612FBD4BEFC}.Debug|Win32.Build.0 = Debug|Win32
		{54C0108A-0A1C-4832-B71B-1612FBD4BEFC}.Release|Win32.ActiveCfg = Release|Win32
		{54C0108A-0A1C-4832-B71B-1612FBD4BEFC}.Release|Win32.Build.0 = Release|Win32
		{56829C2A-C3A9-45BB-B8C0-099546D967D6}.Debug|Win32.ActiveCfg = Debug|Win32
		{56829C2A-C3A9-45BB-B8C0-099546D967D6}.Debug|Win32.Build.0 = Debug|Win32
		{56829C2A-C3A9-45BB-B8C0-099546D967D6}.Release|Win32.ActiveCfg = Release|Win32
		{56829C2A-C3A9-45BB-B8C0-099546D967D6}.Release|Win32.Build.0 = Release|Win32
		{55184BE2-D57D-4FC5-8EBB-2FBF057EAC98}.Debug|Win32.ActiveCfg = Debug|Win32
		{55184BE2-D57D-4FC5-8EBB-2FBF057EAC98}.Debug|Win32.Build.0 = Debug|Win32
		{55184BE2-D57D-4FC5-8EBB-2FBF057EAC98}.Release|Win32.ActiveCfg = Release|Win32
		{55184BE2-D57D-4FC5-8EBB-2FBF057EAC98}.Release|Win32.Build.0 = Release|Win32
		{BB5E494E-0AD6-4B01-8BB9-26D8EFB3131B}.Debug|Win32.ActiveCfg = Debug|Win32
		{BB5E494E-0AD6-4B01-8BB9-26D8EFB3131B}.Debug|Win32.Build.0 = Debug|Win32
		{BB5E494E-0AD6-4B01-8BB9-26D8EFB3131B}.Release|Win32.ActiveCfg = Release|Win32
		{BB5E494E-0AD6-4B01-8BB9-26D8EFB3131B}.Release|Win32.Build.0 = Release|Win32
		{3996754F-8A88-4637-9828-11B88E3CB71F}.Debug|Win32.ActiveCfg = Debug|Win32
		{3996754F-8A88-4637-9828-11B88E3CB71F}.Debug|Win32.Build.0 = Debug|Win32
		{3996754F-8A88-4637-9828-11B88E3CB71F}.Release|Win32.ActiveCfg = Release|Win32
		{3996754F-8A88-4637-9828-11B88E3CB71F}.Release|Win32.Build.0 = Release|Win32
		{4E851DE1-55B0-4207-9FFA-C8E079A98A80}.Debug|Win32.ActiveCfg = Debug|Win32
		{4E851DE1-55B0-4207-9FFA-C8E079A98A80}.Debug|Win32.Build.0 = Debug|Win32
		{4E851DE1-55B0-4207-9FFA-C8E079A98A80}.Release|Win32.ActiveCfg = Release|Win32
		{4E851DE1-55B0-4207-9FFA-C8E079A98A80}.Release|Win32.Build.0 = Release|Win32
		{EA881D42-0201-4274-9DE8-9962C299C48E}.Debug|Win32.ActiveCfg = Debug|Win32
		{EA881D42-0201-4274-9DE8-9962C299C48E}.Debug|Win32.Build.0 = Debug|Win32
		{EA881D42-0201-4274-9DE8-9962C299C48E}.Release|Win32.ActiveCfg = Release|Win32
		{EA881D42-0201-4274-9DE8-9962C299C48E}.Release|Win32.Build.0 = Release|Win32
		{8B73F6AA-84F0-478F-98EA-BEBA29F3A8B6}.Debug|Win32.ActiveCfg = Debug|Win32
		{8B73F6AA-84F0-478F-98EA-BEBA29F3A8B6}.Debug|Win32.Build.0 = Debug|Win32
		{8B73F6AA-84F0-478F-98EA-BEBA29F3A8B6}.Release|Win32.ActiveCfg = Release|Win32
		{8B73F6AA-84F0-478F-98EA-BEBA29F3A8B6}.Release|Win32.Build.0 = Release|Win32
		{7C712AD5-B65B-41CB-A2B5-14A5ACC409BE}.Debug|Win32.ActiveCfg = Debug|Win32
		{7C712AD5-B65B-41CB-A2B5-14A5ACC409BE}.Debug|Win32.Build.0 = Debug|Win32
		{7C712AD5-B65B-41CB-A2B5-14A5ACC409BE}.Release|Win32.ActiveCfg = Release|Win32
		{7C712AD5-B65B-41CB-A2B5-14A5ACC409BE}.Release|Win32.Build.0 = Release|Win32
		{871FDE33-CAF9-46D1-9290-D528CD2BBB57}.Debug|Win32.ActiveCfg = Debug|Win32
		{871FDE33-CAF9-46D1-9290-D528CD2BBB57}.Debug|Win32.Build.0 = Debug|Win32
		{871FDE33-CAF9-46D1-9290-D528CD2BBB57}.Release|Win32.ActiveCfg = Release|Win32
		{871FDE33-CAF9-46D1-9290-D528CD2BBB57}.Release|Win32.Build.0 = Release|Win32
		{93F04EFD-A651-4B40-B648-4D6F0B562B61}.Debug|Win32.ActiveCfg = Debug|Win32
		{93F04EFD-A651-4B40-B648-4D6F0B562B61}.Debug|Win32.Build.0 = Debug|Win32
		{93F04EFD-A651-4B40-B648-4D6F0B562B61}.Release|Win32.ActiveCfg = Release|Win32
		{93F04EFD-A651-4B40-B648-4D6F0B562B61}.Release|Win32.Build.0 = Release|Win32
		{425F0352-BB40-4A4D-817C-5BBC675322FA}.Debug|Win32.ActiveCfg = Debug|Win32
		{425F0352-BB40-4A4D-817C-5BBC675322FA}.Debug|Win32.Build.0 = Debug|Win32
		{425F0352-BB40-4A4D-817C-5BBC675322FA}.Release|Win32.ActiveCfg = Release|Win32
		{425F0352-BB40-4A4D-817C-5BBC675322FA}.Release|Win32.Build.0 = Release|Win32
		{1471C91B-9FDA-4270-9E04-8B03BE7C302A}.Debug|Win32.ActiveCfg = Debug|Win32
		{1471C91B-9FDA-4270-9E04-8B03BE7C302A}.Debug|Win32.Build.0 = Debug|Win32
		{1471C91B-9FDA-4270-9E04-8B03BE7C302A}.Release|Win32.ActiveCfg = Release|Win32
		{1471C91B-9FDA-4270-9E04-8B03BE7C302A}.Release|Win32.Build.0 = Release|Win32
		{20F4B642-5DA4-4DBE-90CD-798050C240DC}.Debug|Win32.ActiveCfg = Debug|Win32
		{20F4B642-5DA4-4DBE-90CD-798050C240DC}.Debug|Win32.Build.0 = Debug|Win32
		{20F4B642-5DA4-4DBE-90CD-798050C240DC}.Release|Win32.ActiveCfg = Release|Win32
		{20F4B642-5DA4-4DBE-90CD-798050C240DC}.Release|Win32.Build.0 = Release|Win32
		{8FD7F263-7AFE-451D-930C-9BC92DE1A8AB}.Debug|Win32.ActiveCfg = Debug|Win32
		{8FD7F263-7AFE-451D-930C-9BC92DE1A8AB}.Debug|Win32.Build.0 = Debug|Win32
		{8FD7F263-7AFE-451D-930C-9BC92DE1A8AB}.Release|Win32.ActiveCfg = Release|Win32
		{8FD7F263-7AFE-451D-930C-9BC92DE1A8AB}.Release|Win32.Build.0 = Release|Win32
		{485981D0-6047-426F-BC7C-3646C341B65A}.Debug|Win32.ActiveCfg = Debug|Win32
		{485981D0-6047-426F-BC7C-3646C341B65A}.Debug|Win32.Build.0 = Debug|Win32
		{485981D0-6047-426F-BC7C-3646C341B65A}.Release|Win32.ActiveCfg = Release|Win32
		{485981D0-6047-426F-BC7C-3646C341B65A}.Release|Win32.Build.0 = Release|Win32
		{B0B7E378-1F66-4DCF-83A4-6287E798CE42}.Debug|Win32.ActiveCfg = Debug|Win32
		{B0B7E378-1F66-4DCF-83A4-6287E798CE42}.Debug|Win32.Build.0 = Debug|Win32
		{B0B7E378-1F66-4DCF-83A4-6287E798CE42}.Release|Win32.ActiveCfg = Release|Win32
		{B0B7E378-1F66-4DCF-83A4-6287E798CE42}.Release|Win32.Build.0 = Release|Win32
		{D2D3CACC-A946-4CCA-AC0D-576F2EBF6F1C}.Debug|Win32.ActiveCfg = Debug|Win32
		{D2D3CACC-A946-4CCA-AC0D-576F2EBF6F1C}.Debug|Win32.Build.0 = Debug|Win32
		{D2D3CACC-A946-4CCA-AC0D-576F2EBF6F1C}.Release|Win32.ActiveCfg = Release|Win32
		{D2D3CACC-A946-4CCA-AC0D-576F2EBF6F1C}.Release|Win32.Build.0 = Release|Win32
		{6A399BE3-1B3C-415D-9FE3-EB065561499B}.Debug|Win32.ActiveCfg = Debug|Win32
		{6A399BE3-1B3C-415D-9FE3-EB065561499B}.Debug|Win32.Build.0 = Debug|Win32
		{6A399BE3-1B3C-415D-9FE3-EB065561499B}.Release|Win32.ActiveCfg = Release|Win32
		{6A399BE3-1B3C-415D-9FE3-EB065561499B}.Release|Win32.Build.0 = Release|Win32
		{1D17E72D-F6A4-4CD0-9700-2C4C5F1947B8}.Debug|Win32.ActiveCfg = Debug|Win32
		{1D17E72D-F6A4-4CD0-9700-2C4C5F1947B8}.Debug|Win32.Build.0 = Debug|Win32
		{1D17E72D-F6A4-4CD0-9700-2C4C5F1947B8}.Release|Win32.ActiveCfg = Release|Win32
		{1D17E72D-F6A4-4CD0-9700-2C4C5F1947B8}.Release|Win32.Build.0 = Release|Win32
		{1DBDCBA7-266D-4C7E-92DE-6C585DD72672}.Debug|Win32.ActiveCfg = Debug|Win32
		{1DBDCBA7-266D-4C7E-92DE-6C585DD72672}.Debug|Win32.Build.0 = Debug|Win32
		{1DBDCBA7-266D-4C7E-92DE-6C585DD72672}.Release|Win32.ActiveCfg = Release|Win32
		{1DBDCBA7-266D-4C7E-92DE-6C585DD72672}.Release|Win32.Build.0 = Release|Win32
		{A2FA4351-5B10-4002-AFB0-B7DF4041572D}.Debug|Win32.ActiveCfg = Debug|Win32
		{A2FA4351-5B10-4002-AFB0-B7DF4041572D}.Debug|Win32.Build.0 = Debug|Win32
		{A2FA4351-5B10-4002-AFB0-B7DF4041572D}.Release|Win32.ActiveCfg = Release|Win32
		{A2FA4351-5B10-4002-AFB0-B7DF4041572D}.Release|Win32.Build.0 = Release|Win32
		{4740275A-79B2-458B-BECC-4E747E6E2DB0}.Debug|Win32.ActiveCfg = Debug|Win32
		{4740275A-79B2-458B-BECC-4E747E6E2DB0}.Debug|Win32.Build.0 = Debug|Win32
		{4740275A-79B2-458B-BECC-4E747E6E2DB0}.Release|Win32.ActiveCfg = Release|Win32
		{4740275A-79B2-458B-BECC-4E747E6E2DB0}.Release|Win32.Build.0 = Release|Win32
		{E85E081D-23A2-4923-BAF1-D24F40542324}.Debug|Win32.ActiveCfg = Debug|Win32
		{E85E081D-23A2-4923-BAF1-D24F40542324}.Debug|Win32.Build.0 = Debug|Win32
		{E85E081D-23A2-4923-BAF1-D24F40542324}.Release|Win32.ActiveCfg = Release|Win32
		{E85E081D-23A2-4923-BAF1-D24F40542324}.Release|Win32.Build.0 = Release|Win32
		{1DA96A97-44F4-476F-AE05-2011BC11D94B}.Debug|Win32.ActiveCfg = Debug|Win32
		{1DA96A97-44F4-476F-AE05-2011BC11D94B}.Debug|Win32.Build.0 = Debug|Win32
		{1DA96A97-44F4-476F-AE05-2011BC11D94B}.Release|Win32.ActiveCfg = Release|Win32
		{1DA96A97-44F4-476F-AE05-2011BC11D94B}.Release|Win32.Build.0 = Release|Win32
		{76F18BCD-41AD-4C1D-AF90-072BC642C6C7}.Debug|Win32.ActiveCfg = Debug|Win32
		{76F18BCD-41AD-4C1D-AF90-072BC642C6C7}.Debug|Win32.Build.0 = Debug|Win32
		{76F18BCD-41AD-4C1D-AF90-072BC642C6C7}.Release|Win32.ActiveCfg = Release|Win32
		{76F18BCD-41AD-4C1D-AF90-072BC642C6C7}.Release|Win32.Build.0 = Release|Win32
		{6C57B964-03DF-4F10-A775-5FA358D80384}.Debug|Win32.ActiveCfg = Debug|Win32
		{6C57B964-03DF-4F10-A775-5FA358D80384}.Debug|Win32.Build.0 = Debug|Win32
		{6C57B964-03DF-4F10-A775-5FA358D80384}.Release|Win32.ActiveCfg = Release|Win32
		{6C57B964-03DF-4F10-A775-5FA358D80384}.Release|Win32.Build.0 = Release|Win32
		{29D75ABB-B68E-4F05-96F0-E9CEEFE366D7}.Debug|Win32.ActiveCfg = Debug|Win32
		{29D75ABB-B68E-4F05-96F0-E9CEEFE366D7}.Debug|Win32.Build.0 = Debug|Win32
		{29D75ABB-B68E-4F05-96F0-E9CEEFE366D7}.Release|Win32.ActiveCfg = Release|Win32
		{29D75ABB-B68E-4F05-96F0-E9CEEFE366D7}.Release|Win32.Build.0 = Release|Win32
		{9A5A25D9-DCDC-4D0E-A51C-138E2A638D73}.Debug|Win32.ActiveCfg = Debug|Win32
		{9A5A25D9-DCDC-4D0E-A51C-138E2A638D73}.Debug|Win32.Build.0 = Debug|Win32
		{9A5A25D9-DCDC-4D0E-A51C-138E2A638D73}.Release|Win32.ActiveCfg = Release|Win32
		{9A5A25D9-DCDC-4D0E-A51C-138E2A638D73}.Release|Win32.Build.0 = Release|Win32
		{049896B8-5CDA-4661-AF4D-480914830165}.Debug|Win32.ActiveCfg = Debug|Win32
		{049896B8-5CDA-4661-AF4D-480914830165}.Debug|Win32.Build.0 = Debug|Win32
		{049896B8-5CDA-4661-AF4D-480914830165}.Release|Win32.ActiveCfg = Release|Win32
		{049896B8-5CDA-4661-AF4D-480914830165}.Release|Win32.Build.0 = Release|Win32
		{C544BA37-4B3C-4C86-82B4-56656D26AEB8}.Debug|Win32.ActiveCfg = Debug|Win32
		{C544BA37-4B3C-4C86-82B4-56656D26AEB8}.Debug|Win32.Build.0 = Debug|Win32
		{C544BA37-4B3C-4C86-82B4-56656D26AEB8}.Release|Win32.ActiveCfg = Release|Win32
		{C544BA37-4B3C-4C86-82B4-56656D26AEB8}.Release|Win32.Build.0 = Release|Win32
		{E37DD5A5-C3C6-452D-B813-446B4171FAC5}.Debug|Win32.ActiveCfg = Debug|Win32
		{E37DD5A5-C3C6-452D-B813-446B4171FAC5}.Debug|Win32.Build.0 = Debug|Win32
		{E37DD5A5-C3C6-452D-B813-446B4171FAC5}.Release|Win32.ActiveCfg = Release|Win32
		{E37DD5A5-C3C6-452D-B813-446B4171FAC5}.Release|Win32.Build.0 = Release|Win32
		{7EFB7DE0-7B4E-49AA-BAC4-6E200714F615}.Debug|Win32.ActiveCfg = Debug|Win32
		{7EFB7DE0-7B4E-49AA-BAC4-6E200714F615}.Debug|Win32.Build.0 = Debug|Win32
		{7EFB7DE0-7B4E-49AA-BAC4-6E200714F615}.Release|Win32.ActiveCfg = Release|Win32
		{7EFB7DE0-7B4E-49AA-BAC4-6E200714F615}.Release|Win32.Build.0 = Release|Win32
		{4CE7F3D4-9257-4103-A758-3D0FA174BF74}.Debug|Win32.ActiveCfg = Debug|Win32
		{4CE7F3D4-9257-4103-A758-3D0FA174BF74}.Debug|Win32.Build.0 = Debug|Win32
		{4CE7F3D4-9257-4103-A758-3D0FA174BF74}.Release|Win32.ActiveCfg = Release|Win32
		{4CE7F3D4-9257-4103-A758-3D0FA174BF74}.Release|Win32.Build.0 = Release|Win32
		{C7D71773-42B3-431C-AF27-371A63686E1A}.Debug|Win32.ActiveCfg = Debug|Win32
		{C7D71773-42B3-431C-AF27-371A63686E1A}.Debug|Win32.Build.0 = Debug|Win32
		{C7D71773-42B3-431C-AF27-371A63686E1A}.Release|Win32.ActiveCfg = Release|Win32
		{C7D71773-42B3-431C-AF27-371A63686E1A}.Release|Win32.Build.0 = Release|Win32
		{0B90528C-64A7-46BD-A9A1-A63D2E4C3AF6}.Debug|Win32.ActiveCfg = Debug|Win32
		{0B90528C-64A7-46BD-A9A1-A63D2E4C3AF6}.Debug|Win32.Build.0 = Debug|Win32
		{0B90528C-64A7-46BD-A9A1-A63D2E4C3AF6}.Release|Win32.ActiveCfg = Release|Win32
		{0B90528C-64A7-46BD-A9A1-A63D2E4C3AF6}.Release|Win32.Build.0 = Release|Win32
		{88D531DF-6A31-49CB-A590-6BE7587332D5}.Debug|Win32.ActiveCfg = Debug|Win32
		{88D531DF-6A31-49CB-A590-6BE7587332D5}.Debug|Win32.Build.0 = Debug|Win32
		{88D531DF-6A31-49CB-A590-6BE7587332D5}.Release|Win32.ActiveCfg = Release|Win32
		{88D531DF-6A31-49CB-A590-6BE7587332D5}.Release|Win32.Build.0 = Release|Win32
		{D2673F97-C1E9-4D04-B958-7058A8DEDC9A}.Debug|Win32.ActiveCfg = Debug|Win32
		{D2673F97-C1E9-4D04-B958-7058A8DEDC9A}.Debug|Win32.Build.0 = Debug|Win32
		{D2673F97-C1E9-4D04-B958-7058A8DEDC9A}.Release|Win32.ActiveCfg = Release|Win32
		{D2673F97-C1E9-4D04-B958-7058A8DEDC9A}.Release|Win32.Build.0 = Release|Win32
		{42C24562-F9EE-4E38-A2F0-66831FE6A0AE}.Debug|Win32.ActiveCfg = Debug|Win32
		{42C24562-F9EE-4E38-A2F0-66831FE6A0AE}.Debug|Win32.Build.0 = Debug|Win32
		{42C24562-F9EE-4E38-A2F0-66831FE6A0AE}.Release|Win32.ActiveCfg = Release|Win32
		{42C24562-F9EE-4E38-A2F0-66831FE6A0AE}.Release|Win32.Build.0 = Release|Win32
	EndGlobalSection
	GlobalSection(SolutionProperties) = preSolution
		HideSolutionNode = FALSE
	EndGlobalSection
EndGlobal
